// !$*UTF8*$!
{
	archiveVersion = 1;
	classes = {
	};
	objectVersion = 55;
	objects = {

/* Begin PBXBuildFile section */
		50D36995275523B600A8F8FF /* AppDelegate.swift in Sources */ = {isa = PBXBuildFile; fileRef = 50D36994275523B600A8F8FF /* AppDelegate.swift */; };
		50D36997275523B600A8F8FF /* SceneDelegate.swift in Sources */ = {isa = PBXBuildFile; fileRef = 50D36996275523B600A8F8FF /* SceneDelegate.swift */; };
		50D36999275523B600A8F8FF /* ViewController.swift in Sources */ = {isa = PBXBuildFile; fileRef = 50D36998275523B600A8F8FF /* ViewController.swift */; };
		50D3699C275523B600A8F8FF /* Main.storyboard in Resources */ = {isa = PBXBuildFile; fileRef = 50D3699A275523B600A8F8FF /* Main.storyboard */; };
		50D3699F275523B600A8F8FF /* njKAVNJASD.xcdatamodeld in Sources */ = {isa = PBXBuildFile; fileRef = 50D3699D275523B600A8F8FF /* njKAVNJASD.xcdatamodeld */; };
		50D369A1275523B800A8F8FF /* Assets.xcassets in Resources */ = {isa = PBXBuildFile; fileRef = 50D369A0275523B800A8F8FF /* Assets.xcassets */; };
		50D369A4275523B800A8F8FF /* LaunchScreen.storyboard in Resources */ = {isa = PBXBuildFile; fileRef = 50D369A2275523B800A8F8FF /* LaunchScreen.storyboard */; };
		50D369AF275523B800A8F8FF /* njKAVNJASDTests.swift in Sources */ = {isa = PBXBuildFile; fileRef = 50D369AE275523B800A8F8FF /* njKAVNJASDTests.swift */; };
		50D369B9275523B800A8F8FF /* njKAVNJASDUITests.swift in Sources */ = {isa = PBXBuildFile; fileRef = 50D369B8275523B800A8F8FF /* njKAVNJASDUITests.swift */; };
		50D369BB275523B800A8F8FF /* njKAVNJASDUITestsLaunchTests.swift in Sources */ = {isa = PBXBuildFile; fileRef = 50D369BA275523B800A8F8FF /* njKAVNJASDUITestsLaunchTests.swift */; };
/* End PBXBuildFile section */

/* Begin PBXContainerItemProxy section */
		50D369AB275523B800A8F8FF /* PBXContainerItemProxy */ = {
			isa = PBXContainerItemProxy;
			containerPortal = 50D36989275523B600A8F8FF /* Project object */;
			proxyType = 1;
			remoteGlobalIDString = 50D36990275523B600A8F8FF;
			remoteInfo = njKAVNJASD;
		};
		50D369B5275523B800A8F8FF /* PBXContainerItemProxy */ = {
			isa = PBXContainerItemProxy;
			containerPortal = 50D36989275523B600A8F8FF /* Project object */;
			proxyType = 1;
			remoteGlobalIDString = 50D36990275523B600A8F8FF;
			remoteInfo = njKAVNJASD;
		};
/* End PBXContainerItemProxy section */

/* Begin PBXFileReference section */
		50D36991275523B600A8F8FF /* njKAVNJASD.app */ = {isa = PBXFileReference; explicitFileType = wrapper.application; includeInIndex = 0; path = njKAVNJASD.app; sourceTree = BUILT_PRODUCTS_DIR; };
		50D36994275523B600A8F8FF /* AppDelegate.swift */ = {isa = PBXFileReference; lastKnownFileType = sourcecode.swift; path = AppDelegate.swift; sourceTree = "<group>"; };
		50D36996275523B600A8F8FF /* SceneDelegate.swift */ = {isa = PBXFileReference; lastKnownFileType = sourcecode.swift; path = SceneDelegate.swift; sourceTree = "<group>"; };
		50D36998275523B600A8F8FF /* ViewController.swift */ = {isa = PBXFileReference; lastKnownFileType = sourcecode.swift; path = ViewController.swift; sourceTree = "<group>"; };
		50D3699B275523B600A8F8FF /* Base */ = {isa = PBXFileReference; lastKnownFileType = file.storyboard; name = Base; path = Base.lproj/Main.storyboard; sourceTree = "<group>"; };
		50D3699E275523B600A8F8FF /* njKAVNJASD.xcdatamodel */ = {isa = PBXFileReference; lastKnownFileType = wrapper.xcdatamodel; path = njKAVNJASD.xcdatamodel; sourceTree = "<group>"; };
		50D369A0275523B800A8F8FF /* Assets.xcassets */ = {isa = PBXFileReference; lastKnownFileType = folder.assetcatalog; path = Assets.xcassets; sourceTree = "<group>"; };
		50D369A3275523B800A8F8FF /* Base */ = {isa = PBXFileReference; lastKnownFileType = file.storyboard; name = Base; path = Base.lproj/LaunchScreen.storyboard; sourceTree = "<group>"; };
		50D369A5275523B800A8F8FF /* Info.plist */ = {isa = PBXFileReference; lastKnownFileType = text.plist.xml; path = Info.plist; sourceTree = "<group>"; };
		50D369AA275523B800A8F8FF /* njKAVNJASDTests.xctest */ = {isa = PBXFileReference; explicitFileType = wrapper.cfbundle; includeInIndex = 0; path = njKAVNJASDTests.xctest; sourceTree = BUILT_PRODUCTS_DIR; };
		50D369AE275523B800A8F8FF /* njKAVNJASDTests.swift */ = {isa = PBXFileReference; lastKnownFileType = sourcecode.swift; path = njKAVNJASDTests.swift; sourceTree = "<group>"; };
		50D369B4275523B800A8F8FF /* njKAVNJASDUITests.xctest */ = {isa = PBXFileReference; explicitFileType = wrapper.cfbundle; includeInIndex = 0; path = njKAVNJASDUITests.xctest; sourceTree = BUILT_PRODUCTS_DIR; };
		50D369B8275523B800A8F8FF /* njKAVNJASDUITests.swift */ = {isa = PBXFileReference; lastKnownFileType = sourcecode.swift; path = njKAVNJASDUITests.swift; sourceTree = "<group>"; };
		50D369BA275523B800A8F8FF /* njKAVNJASDUITestsLaunchTests.swift */ = {isa = PBXFileReference; lastKnownFileType = sourcecode.swift; path = njKAVNJASDUITestsLaunchTests.swift; sourceTree = "<group>"; };
/* End PBXFileReference section */

/* Begin PBXFrameworksBuildPhase section */
		50D3698E275523B600A8F8FF /* Frameworks */ = {
			isa = PBXFrameworksBuildPhase;
			buildActionMask = 2147483647;
			files = (
			);
			runOnlyForDeploymentPostprocessing = 0;
		};
		50D369A7275523B800A8F8FF /* Frameworks */ = {
			isa = PBXFrameworksBuildPhase;
			buildActionMask = 2147483647;
			files = (
			);
			runOnlyForDeploymentPostprocessing = 0;
		};
		50D369B1275523B800A8F8FF /* Frameworks */ = {
			isa = PBXFrameworksBuildPhase;
			buildActionMask = 2147483647;
			files = (
			);
			runOnlyForDeploymentPostprocessing = 0;
		};
/* End PBXFrameworksBuildPhase section */

/* Begin PBXGroup section */
		50D36988275523B600A8F8FF = {
			isa = PBXGroup;
			children = (
				50D36993275523B600A8F8FF /* njKAVNJASD */,
				50D369AD275523B800A8F8FF /* njKAVNJASDTests */,
				50D369B7275523B800A8F8FF /* njKAVNJASDUITests */,
				50D36992275523B600A8F8FF /* Products */,
			);
			sourceTree = "<group>";
		};
		50D36992275523B600A8F8FF /* Products */ = {
			isa = PBXGroup;
			children = (
				50D36991275523B600A8F8FF /* njKAVNJASD.app */,
				50D369AA275523B800A8F8FF /* njKAVNJASDTests.xctest */,
				50D369B4275523B800A8F8FF /* njKAVNJASDUITests.xctest */,
			);
			name = Products;
			sourceTree = "<group>";
		};
		50D36993275523B600A8F8FF /* njKAVNJASD */ = {
			isa = PBXGroup;
			children = (
				50D36994275523B600A8F8FF /* AppDelegate.swift */,
				50D36996275523B600A8F8FF /* SceneDelegate.swift */,
				50D36998275523B600A8F8FF /* ViewController.swift */,
				50D3699A275523B600A8F8FF /* Main.storyboard */,
				50D369A0275523B800A8F8FF /* Assets.xcassets */,
				50D369A2275523B800A8F8FF /* LaunchScreen.storyboard */,
				50D369A5275523B800A8F8FF /* Info.plist */,
				50D3699D275523B600A8F8FF /* njKAVNJASD.xcdatamodeld */,
			);
			path = njKAVNJASD;
			sourceTree = "<group>";
		};
		50D369AD275523B800A8F8FF /* njKAVNJASDTests */ = {
			isa = PBXGroup;
			children = (
				50D369AE275523B800A8F8FF /* njKAVNJASDTests.swift */,
			);
			path = njKAVNJASDTests;
			sourceTree = "<group>";
		};
		50D369B7275523B800A8F8FF /* njKAVNJASDUITests */ = {
			isa = PBXGroup;
			children = (
				50D369B8275523B800A8F8FF /* njKAVNJASDUITests.swift */,
				50D369BA275523B800A8F8FF /* njKAVNJASDUITestsLaunchTests.swift */,
			);
			path = njKAVNJASDUITests;
			sourceTree = "<group>";
		};
/* End PBXGroup section */

/* Begin PBXNativeTarget section */
		50D36990275523B600A8F8FF /* njKAVNJASD */ = {
			isa = PBXNativeTarget;
			buildConfigurationList = 50D369BE275523B800A8F8FF /* Build configuration list for PBXNativeTarget "njKAVNJASD" */;
			buildPhases = (
				50D3698D275523B600A8F8FF /* Sources */,
				50D3698E275523B600A8F8FF /* Frameworks */,
				50D3698F275523B600A8F8FF /* Resources */,
			);
			buildRules = (
			);
			dependencies = (
			);
			name = njKAVNJASD;
			productName = njKAVNJASD;
			productReference = 50D36991275523B600A8F8FF /* njKAVNJASD.app */;
			productType = "com.apple.product-type.application";
		};
		50D369A9275523B800A8F8FF /* njKAVNJASDTests */ = {
			isa = PBXNativeTarget;
			buildConfigurationList = 50D369C1275523B800A8F8FF /* Build configuration list for PBXNativeTarget "njKAVNJASDTests" */;
			buildPhases = (
				50D369A6275523B800A8F8FF /* Sources */,
				50D369A7275523B800A8F8FF /* Frameworks */,
				50D369A8275523B800A8F8FF /* Resources */,
			);
			buildRules = (
			);
			dependencies = (
				50D369AC275523B800A8F8FF /* PBXTargetDependency */,
			);
			name = njKAVNJASDTests;
			productName = njKAVNJASDTests;
			productReference = 50D369AA275523B800A8F8FF /* njKAVNJASDTests.xctest */;
			productType = "com.apple.product-type.bundle.unit-test";
		};
		50D369B3275523B800A8F8FF /* njKAVNJASDUITests */ = {
			isa = PBXNativeTarget;
			buildConfigurationList = 50D369C4275523B800A8F8FF /* Build configuration list for PBXNativeTarget "njKAVNJASDUITests" */;
			buildPhases = (
				50D369B0275523B800A8F8FF /* Sources */,
				50D369B1275523B800A8F8FF /* Frameworks */,
				50D369B2275523B800A8F8FF /* Resources */,
			);
			buildRules = (
			);
			dependencies = (
				50D369B6275523B800A8F8FF /* PBXTargetDependency */,
			);
			name = njKAVNJASDUITests;
			productName = njKAVNJASDUITests;
			productReference = 50D369B4275523B800A8F8FF /* njKAVNJASDUITests.xctest */;
			productType = "com.apple.product-type.bundle.ui-testing";
		};
/* End PBXNativeTarget section */

/* Begin PBXProject section */
		50D36989275523B600A8F8FF /* Project object */ = {
			isa = PBXProject;
			attributes = {
				BuildIndependentTargetsInParallel = 1;
				LastSwiftUpdateCheck = 1310;
				LastUpgradeCheck = 1310;
				TargetAttributes = {
					50D36990275523B600A8F8FF = {
						CreatedOnToolsVersion = 13.1;
					};
					50D369A9275523B800A8F8FF = {
						CreatedOnToolsVersion = 13.1;
						TestTargetID = 50D36990275523B600A8F8FF;
					};
					50D369B3275523B800A8F8FF = {
						CreatedOnToolsVersion = 13.1;
						TestTargetID = 50D36990275523B600A8F8FF;
					};
				};
			};
			buildConfigurationList = 50D3698C275523B600A8F8FF /* Build configuration list for PBXProject "njKAVNJASD" */;
			compatibilityVersion = "Xcode 13.0";
			developmentRegion = en;
			hasScannedForEncodings = 0;
			knownRegions = (
				en,
				Base,
			);
			mainGroup = 50D36988275523B600A8F8FF;
			productRefGroup = 50D36992275523B600A8F8FF /* Products */;
			projectDirPath = "";
			projectRoot = "";
			targets = (
				50D36990275523B600A8F8FF /* njKAVNJASD */,
				50D369A9275523B800A8F8FF /* njKAVNJASDTests */,
				50D369B3275523B800A8F8FF /* njKAVNJASDUITests */,
			);
		};
/* End PBXProject section */

/* Begin PBXResourcesBuildPhase section */
		50D3698F275523B600A8F8FF /* Resources */ = {
			isa = PBXResourcesBuildPhase;
			buildActionMask = 2147483647;
			files = (
				50D369A4275523B800A8F8FF /* LaunchScreen.storyboard in Resources */,
				50D369A1275523B800A8F8FF /* Assets.xcassets in Resources */,
				50D3699C275523B600A8F8FF /* Main.storyboard in Resources */,
			);
			runOnlyForDeploymentPostprocessing = 0;
		};
		50D369A8275523B800A8F8FF /* Resources */ = {
			isa = PBXResourcesBuildPhase;
			buildActionMask = 2147483647;
			files = (
			);
			runOnlyForDeploymentPostprocessing = 0;
		};
		50D369B2275523B800A8F8FF /* Resources */ = {
			isa = PBXResourcesBuildPhase;
			buildActionMask = 2147483647;
			files = (
			);
			runOnlyForDeploymentPostprocessing = 0;
		};
/* End PBXResourcesBuildPhase section */

/* Begin PBXSourcesBuildPhase section */
		50D3698D275523B600A8F8FF /* Sources */ = {
			isa = PBXSourcesBuildPhase;
			buildActionMask = 2147483647;
			files = (
				50D36999275523B600A8F8FF /* ViewController.swift in Sources */,
				50D3699F275523B600A8F8FF /* njKAVNJASD.xcdatamodeld in Sources */,
				50D36995275523B600A8F8FF /* AppDelegate.swift in Sources */,
				50D36997275523B600A8F8FF /* SceneDelegate.swift in Sources */,
			);
			runOnlyForDeploymentPostprocessing = 0;
		};
		50D369A6275523B800A8F8FF /* Sources */ = {
			isa = PBXSourcesBuildPhase;
			buildActionMask = 2147483647;
			files = (
				50D369AF275523B800A8F8FF /* njKAVNJASDTests.swift in Sources */,
			);
			runOnlyForDeploymentPostprocessing = 0;
		};
		50D369B0275523B800A8F8FF /* Sources */ = {
			isa = PBXSourcesBuildPhase;
			buildActionMask = 2147483647;
			files = (
				50D369BB275523B800A8F8FF /* njKAVNJASDUITestsLaunchTests.swift in Sources */,
				50D369B9275523B800A8F8FF /* njKAVNJASDUITests.swift in Sources */,
			);
			runOnlyForDeploymentPostprocessing = 0;
		};
/* End PBXSourcesBuildPhase section */

/* Begin PBXTargetDependency section */
		50D369AC275523B800A8F8FF /* PBXTargetDependency */ = {
			isa = PBXTargetDependency;
			target = 50D36990275523B600A8F8FF /* njKAVNJASD */;
			targetProxy = 50D369AB275523B800A8F8FF /* PBXContainerItemProxy */;
		};
		50D369B6275523B800A8F8FF /* PBXTargetDependency */ = {
			isa = PBXTargetDependency;
			target = 50D36990275523B600A8F8FF /* njKAVNJASD */;
			targetProxy = 50D369B5275523B800A8F8FF /* PBXContainerItemProxy */;
		};
/* End PBXTargetDependency section */

/* Begin PBXVariantGroup section */
		50D3699A275523B600A8F8FF /* Main.storyboard */ = {
			isa = PBXVariantGroup;
			children = (
				50D3699B275523B600A8F8FF /* Base */,
			);
			name = Main.storyboard;
			sourceTree = "<group>";
		};
		50D369A2275523B800A8F8FF /* LaunchScreen.storyboard */ = {
			isa = PBXVariantGroup;
			children = (
				50D369A3275523B800A8F8FF /* Base */,
			);
			name = LaunchScreen.storyboard;
			sourceTree = "<group>";
		};
/* End PBXVariantGroup section */

/* Begin XCBuildConfiguration section */
		50D369BC275523B800A8F8FF /* Debug */ = {
			isa = XCBuildConfiguration;
			buildSettings = {
				ALWAYS_SEARCH_USER_PATHS = NO;
				CLANG_ANALYZER_NONNULL = YES;
				CLANG_ANALYZER_NUMBER_OBJECT_CONVERSION = YES_AGGRESSIVE;
				CLANG_CXX_LANGUAGE_STANDARD = "gnu++17";
				CLANG_CXX_LIBRARY = "libc++";
				CLANG_ENABLE_MODULES = YES;
				CLANG_ENABLE_OBJC_ARC = YES;
				CLANG_ENABLE_OBJC_WEAK = YES;
				CLANG_WARN_BLOCK_CAPTURE_AUTORELEASING = YES;
				CLANG_WARN_BOOL_CONVERSION = YES;
				CLANG_WARN_COMMA = YES;
				CLANG_WARN_CONSTANT_CONVERSION = YES;
				CLANG_WARN_DEPRECATED_OBJC_IMPLEMENTATIONS = YES;
				CLANG_WARN_DIRECT_OBJC_ISA_USAGE = YES_ERROR;
				CLANG_WARN_DOCUMENTATION_COMMENTS = YES;
				CLANG_WARN_EMPTY_BODY = YES;
				CLANG_WARN_ENUM_CONVERSION = YES;
				CLANG_WARN_INFINITE_RECURSION = YES;
				CLANG_WARN_INT_CONVERSION = YES;
				CLANG_WARN_NON_LITERAL_NULL_CONVERSION = YES;
				CLANG_WARN_OBJC_IMPLICIT_RETAIN_SELF = YES;
				CLANG_WARN_OBJC_LITERAL_CONVERSION = YES;
				CLANG_WARN_OBJC_ROOT_CLASS = YES_ERROR;
				CLANG_WARN_QUOTED_INCLUDE_IN_FRAMEWORK_HEADER = YES;
				CLANG_WARN_RANGE_LOOP_ANALYSIS = YES;
				CLANG_WARN_STRICT_PROTOTYPES = YES;
				CLANG_WARN_SUSPICIOUS_MOVE = YES;
				CLANG_WARN_UNGUARDED_AVAILABILITY = YES_AGGRESSIVE;
				CLANG_WARN_UNREACHABLE_CODE = YES;
				CLANG_WARN__DUPLICATE_METHOD_MATCH = YES;
				COPY_PHASE_STRIP = NO;
				DEBUG_INFORMATION_FORMAT = dwarf;
				ENABLE_STRICT_OBJC_MSGSEND = YES;
				ENABLE_TESTABILITY = YES;
				GCC_C_LANGUAGE_STANDARD = gnu11;
				GCC_DYNAMIC_NO_PIC = NO;
				GCC_NO_COMMON_BLOCKS = YES;
				GCC_OPTIMIZATION_LEVEL = 0;
				GCC_PREPROCESSOR_DEFINITIONS = (
					"DEBUG=1",
					"$(inherited)",
				);
				GCC_WARN_64_TO_32_BIT_CONVERSION = YES;
				GCC_WARN_ABOUT_RETURN_TYPE = YES_ERROR;
				GCC_WARN_UNDECLARED_SELECTOR = YES;
				GCC_WARN_UNINITIALIZED_AUTOS = YES_AGGRESSIVE;
				GCC_WARN_UNUSED_FUNCTION = YES;
				GCC_WARN_UNUSED_VARIABLE = YES;
				IPHONEOS_DEPLOYMENT_TARGET = 15.0;
				MTL_ENABLE_DEBUG_INFO = INCLUDE_SOURCE;
				MTL_FAST_MATH = YES;
				ONLY_ACTIVE_ARCH = YES;
				SDKROOT = iphoneos;
				SWIFT_ACTIVE_COMPILATION_CONDITIONS = DEBUG;
				SWIFT_OPTIMIZATION_LEVEL = "-Onone";
			};
			name = Debug;
		};
		50D369BD275523B800A8F8FF /* Release */ = {
			isa = XCBuildConfiguration;
			buildSettings = {
				ALWAYS_SEARCH_USER_PATHS = NO;
				CLANG_ANALYZER_NONNULL = YES;
				CLANG_ANALYZER_NUMBER_OBJECT_CONVERSION = YES_AGGRESSIVE;
				CLANG_CXX_LANGUAGE_STANDARD = "gnu++17";
				CLANG_CXX_LIBRARY = "libc++";
				CLANG_ENABLE_MODULES = YES;
				CLANG_ENABLE_OBJC_ARC = YES;
				CLANG_ENABLE_OBJC_WEAK = YES;
				CLANG_WARN_BLOCK_CAPTURE_AUTORELEASING = YES;
				CLANG_WARN_BOOL_CONVERSION = YES;
				CLANG_WARN_COMMA = YES;
				CLANG_WARN_CONSTANT_CONVERSION = YES;
				CLANG_WARN_DEPRECATED_OBJC_IMPLEMENTATIONS = YES;
				CLANG_WARN_DIRECT_OBJC_ISA_USAGE = YES_ERROR;
				CLANG_WARN_DOCUMENTATION_COMMENTS = YES;
				CLANG_WARN_EMPTY_BODY = YES;
				CLANG_WARN_ENUM_CONVERSION = YES;
				CLANG_WARN_INFINITE_RECURSION = YES;
				CLANG_WARN_INT_CONVERSION = YES;
				CLANG_WARN_NON_LITERAL_NULL_CONVERSION = YES;
				CLANG_WARN_OBJC_IMPLICIT_RETAIN_SELF = YES;
				CLANG_WARN_OBJC_LITERAL_CONVERSION = YES;
				CLANG_WARN_OBJC_ROOT_CLASS = YES_ERROR;
				CLANG_WARN_QUOTED_INCLUDE_IN_FRAMEWORK_HEADER = YES;
				CLANG_WARN_RANGE_LOOP_ANALYSIS = YES;
				CLANG_WARN_STRICT_PROTOTYPES = YES;
				CLANG_WARN_SUSPICIOUS_MOVE = YES;
				CLANG_WARN_UNGUARDED_AVAILABILITY = YES_AGGRESSIVE;
				CLANG_WARN_UNREACHABLE_CODE = YES;
				CLANG_WARN__DUPLICATE_METHOD_MATCH = YES;
				COPY_PHASE_STRIP = NO;
				DEBUG_INFORMATION_FORMAT = "dwarf-with-dsym";
				ENABLE_NS_ASSERTIONS = NO;
				ENABLE_STRICT_OBJC_MSGSEND = YES;
				GCC_C_LANGUAGE_STANDARD = gnu11;
				GCC_NO_COMMON_BLOCKS = YES;
				GCC_WARN_64_TO_32_BIT_CONVERSION = YES;
				GCC_WARN_ABOUT_RETURN_TYPE = YES_ERROR;
				GCC_WARN_UNDECLARED_SELECTOR = YES;
				GCC_WARN_UNINITIALIZED_AUTOS = YES_AGGRESSIVE;
				GCC_WARN_UNUSED_FUNCTION = YES;
				GCC_WARN_UNUSED_VARIABLE = YES;
				IPHONEOS_DEPLOYMENT_TARGET = 15.0;
				MTL_ENABLE_DEBUG_INFO = NO;
				MTL_FAST_MATH = YES;
				SDKROOT = iphoneos;
				SWIFT_COMPILATION_MODE = wholemodule;
				SWIFT_OPTIMIZATION_LEVEL = "-O";
				VALIDATE_PRODUCT = YES;
			};
			name = Release;
		};
		50D369BF275523B800A8F8FF /* Debug */ = {
			isa = XCBuildConfiguration;
			buildSettings = {
				ASSETCATALOG_COMPILER_APPICON_NAME = AppIcon;
				ASSETCATALOG_COMPILER_GLOBAL_ACCENT_COLOR_NAME = AccentColor;
				CODE_SIGN_STYLE = Automatic;
				CURRENT_PROJECT_VERSION = 1;
				DEVELOPMENT_TEAM = BX832Z4ZJ4;
				GENERATE_INFOPLIST_FILE = YES;
				INFOPLIST_FILE = njKAVNJASD/Info.plist;
				INFOPLIST_KEY_UIApplicationSupportsIndirectInputEvents = YES;
				INFOPLIST_KEY_UILaunchStoryboardName = LaunchScreen;
				INFOPLIST_KEY_UIMainStoryboardFile = Main;
				INFOPLIST_KEY_UISupportedInterfaceOrientations_iPad = "UIInterfaceOrientationPortrait UIInterfaceOrientationPortraitUpsideDown UIInterfaceOrientationLandscapeLeft UIInterfaceOrientationLandscapeRight";
				INFOPLIST_KEY_UISupportedInterfaceOrientations_iPhone = "UIInterfaceOrientationPortrait UIInterfaceOrientationLandscapeLeft UIInterfaceOrientationLandscapeRight";
				LD_RUNPATH_SEARCH_PATHS = (
					"$(inherited)",
					"@executable_path/Frameworks",
				);
				MARKETING_VERSION = 1.0;
				PRODUCT_BUNDLE_IDENTIFIER = befansy.njKAVNJASD;
				PRODUCT_NAME = "$(TARGET_NAME)";
				SWIFT_EMIT_LOC_STRINGS = YES;
				SWIFT_VERSION = 5.0;
				TARGETED_DEVICE_FAMILY = "1,2";
			};
			name = Debug;
		};
		50D369C0275523B800A8F8FF /* Release */ = {
			isa = XCBuildConfiguration;
			buildSettings = {
				ASSETCATALOG_COMPILER_APPICON_NAME = AppIcon;
				ASSETCATALOG_COMPILER_GLOBAL_ACCENT_COLOR_NAME = AccentColor;
				CODE_SIGN_STYLE = Automatic;
				CURRENT_PROJECT_VERSION = 1;
				DEVELOPMENT_TEAM = BX832Z4ZJ4;
				GENERATE_INFOPLIST_FILE = YES;
				INFOPLIST_FILE = njKAVNJASD/Info.plist;
				INFOPLIST_KEY_UIApplicationSupportsIndirectInputEvents = YES;
				INFOPLIST_KEY_UILaunchStoryboardName = LaunchScreen;
				INFOPLIST_KEY_UIMainStoryboardFile = Main;
				INFOPLIST_KEY_UISupportedInterfaceOrientations_iPad = "UIInterfaceOrientationPortrait UIInterfaceOrientationPortraitUpsideDown UIInterfaceOrientationLandscapeLeft UIInterfaceOrientationLandscapeRight";
				INFOPLIST_KEY_UISupportedInterfaceOrientations_iPhone = "UIInterfaceOrientationPortrait UIInterfaceOrientationLandscapeLeft UIInterfaceOrientationLandscapeRight";
				LD_RUNPATH_SEARCH_PATHS = (
					"$(inherited)",
					"@executable_path/Frameworks",
				);
				MARKETING_VERSION = 1.0;
				PRODUCT_BUNDLE_IDENTIFIER = befansy.njKAVNJASD;
				PRODUCT_NAME = "$(TARGET_NAME)";
				SWIFT_EMIT_LOC_STRINGS = YES;
				SWIFT_VERSION = 5.0;
				TARGETED_DEVICE_FAMILY = "1,2";
			};
			name = Release;
		};
		50D369C2275523B800A8F8FF /* Debug */ = {
			isa = XCBuildConfiguration;
			buildSettings = {
				ALWAYS_EMBED_SWIFT_STANDARD_LIBRARIES = YES;
				BUNDLE_LOADER = "$(TEST_HOST)";
				CODE_SIGN_STYLE = Automatic;
				CURRENT_PROJECT_VERSION = 1;
				DEVELOPMENT_TEAM = BX832Z4ZJ4;
				GENERATE_INFOPLIST_FILE = YES;
				IPHONEOS_DEPLOYMENT_TARGET = 15.0;
				LD_RUNPATH_SEARCH_PATHS = (
					"$(inherited)",
					"@executable_path/Frameworks",
					"@loader_path/Frameworks",
				);
				MARKETING_VERSION = 1.0;
				PRODUCT_BUNDLE_IDENTIFIER = befansy.njKAVNJASDTests;
				PRODUCT_NAME = "$(TARGET_NAME)";
				SWIFT_EMIT_LOC_STRINGS = NO;
				SWIFT_VERSION = 5.0;
				TARGETED_DEVICE_FAMILY = "1,2";
				TEST_HOST = "$(BUILT_PRODUCTS_DIR)/njKAVNJASD.app/njKAVNJASD";
			};
			name = Debug;
		};
		50D369C3275523B800A8F8FF /* Release */ = {
			isa = XCBuildConfiguration;
			buildSettings = {
				ALWAYS_EMBED_SWIFT_STANDARD_LIBRARIES = YES;
				BUNDLE_LOADER = "$(TEST_HOST)";
				CODE_SIGN_STYLE = Automatic;
				CURRENT_PROJECT_VERSION = 1;
				DEVELOPMENT_TEAM = BX832Z4ZJ4;
				GENERATE_INFOPLIST_FILE = YES;
				IPHONEOS_DEPLOYMENT_TARGET = 15.0;
				LD_RUNPATH_SEARCH_PATHS = (
					"$(inherited)",
					"@executable_path/Frameworks",
					"@loader_path/Frameworks",
				);
				MARKETING_VERSION = 1.0;
				PRODUCT_BUNDLE_IDENTIFIER = befansy.njKAVNJASDTests;
				PRODUCT_NAME = "$(TARGET_NAME)";
				SWIFT_EMIT_LOC_STRINGS = NO;
				SWIFT_VERSION = 5.0;
				TARGETED_DEVICE_FAMILY = "1,2";
				TEST_HOST = "$(BUILT_PRODUCTS_DIR)/njKAVNJASD.app/njKAVNJASD";
			};
			name = Release;
		};
		50D369C5275523B800A8F8FF /* Debug */ = {
			isa = XCBuildConfiguration;
			buildSettings = {
				ALWAYS_EMBED_SWIFT_STANDARD_LIBRARIES = YES;
				CODE_SIGN_STYLE = Automatic;
				CURRENT_PROJECT_VERSION = 1;
				DEVELOPMENT_TEAM = BX832Z4ZJ4;
				GENERATE_INFOPLIST_FILE = YES;
				LD_RUNPATH_SEARCH_PATHS = (
					"$(inherited)",
					"@executable_path/Frameworks",
					"@loader_path/Frameworks",
				);
				MARKETING_VERSION = 1.0;
				PRODUCT_BUNDLE_IDENTIFIER = befansy.njKAVNJASDUITests;
				PRODUCT_NAME = "$(TARGET_NAME)";
				SWIFT_EMIT_LOC_STRINGS = NO;
				SWIFT_VERSION = 5.0;
				TARGETED_DEVICE_FAMILY = "1,2";
				TEST_TARGET_NAME = njKAVNJASD;
			};
			name = Debug;
		};
		50D369C6275523B800A8F8FF /* Release */ = {
			isa = XCBuildConfiguration;
			buildSettings = {
				ALWAYS_EMBED_SWIFT_STANDARD_LIBRARIES = YES;
				CODE_SIGN_STYLE = Automatic;
				CURRENT_PROJECT_VERSION = 1;
				DEVELOPMENT_TEAM = BX832Z4ZJ4;
				GENERATE_INFOPLIST_FILE = YES;
				LD_RUNPATH_SEARCH_PATHS = (
					"$(inherited)",
					"@executable_path/Frameworks",
					"@loader_path/Frameworks",
				);
				MARKETING_VERSION = 1.0;
				PRODUCT_BUNDLE_IDENTIFIER = befansy.njKAVNJASDUITests;
				PRODUCT_NAME = "$(TARGET_NAME)";
				SWIFT_EMIT_LOC_STRINGS = NO;
				SWIFT_VERSION = 5.0;
				TARGETED_DEVICE_FAMILY = "1,2";
				TEST_TARGET_NAME = njKAVNJASD;
			};
			name = Release;
		};
/* End XCBuildConfiguration section */

/* Begin XCConfigurationList section */
		50D3698C275523B600A8F8FF /* Build configuration list for PBXProject "njKAVNJASD" */ = {
			isa = XCConfigurationList;
			buildConfigurations = (
				50D369BC275523B800A8F8FF /* Debug */,
				50D369BD275523B800A8F8FF /* Release */,
			);
			defaultConfigurationIsVisible = 0;
			defaultConfigurationName = Release;
		};
		50D369BE275523B800A8F8FF /* Build configuration list for PBXNativeTarget "njKAVNJASD" */ = {
			isa = XCConfigurationList;
			buildConfigurations = (
				50D369BF275523B800A8F8FF /* Debug */,
				50D369C0275523B800A8F8FF /* Release */,
			);
			defaultConfigurationIsVisible = 0;
			defaultConfigurationName = Release;
		};
		50D369C1275523B800A8F8FF /* Build configuration list for PBXNativeTarget "njKAVNJASDTests" */ = {
			isa = XCConfigurationList;
			buildConfigurations = (
				50D369C2275523B800A8F8FF /* Debug */,
				50D369C3275523B800A8F8FF /* Release */,
			);
			defaultConfigurationIsVisible = 0;
			defaultConfigurationName = Release;
		};
		50D369C4275523B800A8F8FF /* Build configuration list for PBXNativeTarget "njKAVNJASDUITests" */ = {
			isa = XCConfigurationList;
			buildConfigurations = (
				50D369C5275523B800A8F8FF /* Debug */,
				50D369C6275523B800A8F8FF /* Release */,
			);
			defaultConfigurationIsVisible = 0;
			defaultConfigurationName = Release;
		};
/* End XCConfigurationList section */

/* Begin XCVersionGroup section */
		50D3699D275523B600A8F8FF /* njKAVNJASD.xcdatamodeld */ = {
			isa = XCVersionGroup;
			children = (
				50D3699E275523B600A8F8FF /* njKAVNJASD.xcdatamodel */,
			);
			currentVersion = 50D3699E275523B600A8F8FF /* njKAVNJASD.xcdatamodel */;
			path = njKAVNJASD.xcdatamodeld;
			sourceTree = "<group>";
			versionGroupType = wrapper.xcdatamodel;
		};
/* End XCVersionGroup section */
	};
	rootObject = 50D36989275523B600A8F8FF /* Project object */;
}
